PODS:
  - Alamofire (4.5.0)
  - PullToRefreshSwift (3.0.3)
  - SDWebImage (4.0.0):
    - SDWebImage/Core (= 4.0.0)
  - SDWebImage/Core (4.0.0)
  - WeatherAPI (0.0.1):
    - Alamofire (~> 4.0)

DEPENDENCIES:
  - PullToRefreshSwift
  - SDWebImage
  - WeatherAPI (from `../API/WeatherAPI.podspec`)

EXTERNAL SOURCES:
  WeatherAPI:
    :path: ../API/WeatherAPI.podspec

SPEC CHECKSUMS:
  Alamofire: f28cdffd29de33a7bfa022cbd63ae95a27fae140
  PullToRefreshSwift: 0743b818072bfd7c9464addc2d1b987b131057ca
  SDWebImage: 76a6348bdc74eb5a55dd08a091ef298e56b55e41
  WeatherAPI: 2e019b56eddb2353dc3b5ef567e8a84e7422dabe

PODFILE CHECKSUM: a8edf2cfe4cd4e4e477d43b8dd4a1e232663fe9e

COCOAPODS: 1.3.1
