PODS:
  - Alamofire (4.5.1)
  - Popover (1.1.0)
  - SDWebImage (4.1.0):
    - SDWebImage/Core (= 4.1.0)
  - SDWebImage/Core (4.1.0)
  - WeatherAPI (0.0.1):
    - Alamofire (~> 4.0)

DEPENDENCIES:
  - Popover
  - SDWebImage
  - WeatherAPI (from `../API/WeatherAPI.podspec`)

EXTERNAL SOURCES:
  WeatherAPI:
    :path: ../API/WeatherAPI.podspec

SPEC CHECKSUMS:
  Alamofire: 2d95912bf4c34f164fdfc335872e8c312acaea4a
  Popover: 8b4330c16d9e72f1ea8a2f6783d83b8692ae8776
  SDWebImage: 0e435c14e402a6730315a0fb79f95e68654d55a4
  WeatherAPI: 2e019b56eddb2353dc3b5ef567e8a84e7422dabe

PODFILE CHECKSUM: 55ee93d4b62db1e76d74a8b9db35185ba0cf6442

COCOAPODS: 1.3.1
